
Microsoft Visual Studio Solution File, Format Version 12.00
# Visual Studio 15
VisualStudioVersion = 15.0.26430.14
MinimumVisualStudioVersion = 10.0.40219.1
Project("{FAE04EC0-301F-11D3-BF4B-00C04F79EFBC}") = "Loop", "Loop\Loop.csproj", "{A3EE477A-EDE1-4099-B920-8B0EC9EE6FBB}"
EndProject
Global
	GlobalSection(SolutionConfigurationPlatforms) = preSolution
		Debug|Any CPU = Debug|Any CPU
		Release|Any CPU = Release|Any CPU
	EndGlobalSection
	GlobalSection(ProjectConfigurationPlatforms) = postSolution
		{A3EE477A-EDE1-4099-B920-8B0EC9EE6FBB}.Debug|Any CPU.ActiveCfg = Debug|Any CPU
		{A3EE477A-EDE1-4099-B920-8B0EC9EE6FBB}.Debug|Any CPU.Build.0 = Debug|Any CPU
		{A3EE477A-EDE1-4099-B920-8B0EC9EE6FBB}.Release|Any CPU.ActiveCfg = Release|Any CPU
		{A3EE477A-EDE1-4099-B920-8B0EC9EE6FBB}.Release|Any CPU.Build.0 = Release|Any CPU
	EndGlobalSection
	GlobalSection(SolutionProperties) = preSolution
		HideSolutionNode = FALSE
	EndGlobalSection
EndGlobal
